
Microsoft Visual Studio Solution File, Format Version 12.00
# Visual Studio Version 16
VisualStudioVersion = 16.0.29519.87
MinimumVisualStudioVersion = 10.0.40219.1
Project("{FAE04EC0-301F-11D3-BF4B-00C04F79EFBC}") = "SpecFlowLaskin", "SpecFlowLaskin\SpecFlowLaskin.csproj", "{3DB724A4-5233-42DA-8AFE-E09A8460E669}"
EndProject
Project("{FAE04EC0-301F-11D3-BF4B-00C04F79EFBC}") = "Example", "Example\Example.csproj", "{6F4ED27F-7722-45BF-90E9-97BB906DC8EB}"
EndProject
Global
	GlobalSection(SolutionConfigurationPlatforms) = preSolution
		Debug|Any CPU = Debug|Any CPU
		Release|Any CPU = Release|Any CPU
	EndGlobalSection
	GlobalSection(ProjectConfigurationPlatforms) = postSolution
		{3DB724A4-5233-42DA-8AFE-E09A8460E669}.Debug|Any CPU.ActiveCfg = Debug|Any CPU
		{3DB724A4-5233-42DA-8AFE-E09A8460E669}.Debug|Any CPU.Build.0 = Debug|Any CPU
		{3DB724A4-5233-42DA-8AFE-E09A8460E669}.Release|Any CPU.ActiveCfg = Release|Any CPU
		{3DB724A4-5233-42DA-8AFE-E09A8460E669}.Release|Any CPU.Build.0 = Release|Any CPU
		{6F4ED27F-7722-45BF-90E9-97BB906DC8EB}.Debug|Any CPU.ActiveCfg = Debug|Any CPU
		{6F4ED27F-7722-45BF-90E9-97BB906DC8EB}.Debug|Any CPU.Build.0 = Debug|Any CPU
		{6F4ED27F-7722-45BF-90E9-97BB906DC8EB}.Release|Any CPU.ActiveCfg = Release|Any CPU
		{6F4ED27F-7722-45BF-90E9-97BB906DC8EB}.Release|Any CPU.Build.0 = Release|Any CPU
	EndGlobalSection
	GlobalSection(SolutionProperties) = preSolution
		HideSolutionNode = FALSE
	EndGlobalSection
	GlobalSection(ExtensibilityGlobals) = postSolution
		SolutionGuid = {8D4C3F1D-8001-41C6-BFC1-5122B22B6BA5}
	EndGlobalSection
EndGlobal
